// !$*UTF8*$!
{
	archiveVersion = 1;
	classes = {
	};
	objectVersion = 46;
	objects = {

/* Begin PBXBuildFile section */
		0706056A159A611A00973448 /* UINavigationController+AutomaticallyDismissKeyboard.m in Sources */ = {isa = PBXBuildFile; fileRef = 07060569159A611A00973448 /* UINavigationController+AutomaticallyDismissKeyboard.m */; };
		070ECD211577E375003329E9 /* UIKit.framework in Frameworks */ = {isa = PBXBuildFile; fileRef = 070ECD201577E375003329E9 /* UIKit.framework */; };
		070ECD231577E375003329E9 /* Foundation.framework in Frameworks */ = {isa = PBXBuildFile; fileRef = 070ECD221577E375003329E9 /* Foundation.framework */; };
		070ECD251577E375003329E9 /* CoreGraphics.framework in Frameworks */ = {isa = PBXBuildFile; fileRef = 070ECD241577E375003329E9 /* CoreGraphics.framework */; };
		070ECD2B1577E375003329E9 /* InfoPlist.strings in Resources */ = {isa = PBXBuildFile; fileRef = 070ECD291577E375003329E9 /* InfoPlist.strings */; };
		070ECD2D1577E375003329E9 /* main.m in Sources */ = {isa = PBXBuildFile; fileRef = 070ECD2C1577E375003329E9 /* main.m */; };
		070ECD311577E375003329E9 /* EGAppDelegate.m in Sources */ = {isa = PBXBuildFile; fileRef = 070ECD301577E375003329E9 /* EGAppDelegate.m */; };
		070ECD391577E403003329E9 /* UIControl+Convenience.m in Sources */ = {isa = PBXBuildFile; fileRef = 070ECD381577E403003329E9 /* UIControl+Convenience.m */; };
		070ECD401577E41D003329E9 /* UIView+ViewRecursion.m in Sources */ = {isa = PBXBuildFile; fileRef = 070ECD3F1577E41D003329E9 /* UIView+ViewRecursion.m */; };
		070ECD431577E6F4003329E9 /* UIViewController+ForcedRotation.m in Sources */ = {isa = PBXBuildFile; fileRef = 070ECD421577E6F4003329E9 /* UIViewController+ForcedRotation.m */; };
		0738C4591582A51400BE1A0B /* UIBarButtonItem+ImageItem.m in Sources */ = {isa = PBXBuildFile; fileRef = 0738C4581582A51400BE1A0B /* UIBarButtonItem+ImageItem.m */; };
		0738C47C1582AE4A00BE1A0B /* UIView+LayoutManipulation.m in Sources */ = {isa = PBXBuildFile; fileRef = 0738C47B1582AE4A00BE1A0B /* UIView+LayoutManipulation.m */; };
		07A7665D15803D9000BD3E6A /* UIPageViewController+EnableToggle.m in Sources */ = {isa = PBXBuildFile; fileRef = 07A7665C15803D9000BD3E6A /* UIPageViewController+EnableToggle.m */; };
/* End PBXBuildFile section */

/* Begin PBXFileReference section */
		07060568159A611A00973448 /* UINavigationController+AutomaticallyDismissKeyboard.h */ = {isa = PBXFileReference; fileEncoding = 4; lastKnownFileType = sourcecode.c.h; path = "UINavigationController+AutomaticallyDismissKeyboard.h"; sourceTree = "<group>"; };
		07060569159A611A00973448 /* UINavigationController+AutomaticallyDismissKeyboard.m */ = {isa = PBXFileReference; fileEncoding = 4; lastKnownFileType = sourcecode.c.objc; path = "UINavigationController+AutomaticallyDismissKeyboard.m"; sourceTree = "<group>"; };
		070ECD1C1577E375003329E9 /* UIKitConvenience.app */ = {isa = PBXFileReference; explicitFileType = wrapper.application; includeInIndex = 0; path = UIKitConvenience.app; sourceTree = BUILT_PRODUCTS_DIR; };
		070ECD201577E375003329E9 /* UIKit.framework */ = {isa = PBXFileReference; lastKnownFileType = wrapper.framework; name = UIKit.framework; path = System/Library/Frameworks/UIKit.framework; sourceTree = SDKROOT; };
		070ECD221577E375003329E9 /* Foundation.framework */ = {isa = PBXFileReference; lastKnownFileType = wrapper.framework; name = Foundation.framework; path = System/Library/Frameworks/Foundation.framework; sourceTree = SDKROOT; };
		070ECD241577E375003329E9 /* CoreGraphics.framework */ = {isa = PBXFileReference; lastKnownFileType = wrapper.framework; name = CoreGraphics.framework; path = System/Library/Frameworks/CoreGraphics.framework; sourceTree = SDKROOT; };
		070ECD281577E375003329E9 /* UIKitConvenience-Info.plist */ = {isa = PBXFileReference; lastKnownFileType = text.plist.xml; path = "UIKitConvenience-Info.plist"; sourceTree = "<group>"; };
		070ECD2A1577E375003329E9 /* en */ = {isa = PBXFileReference; lastKnownFileType = text.plist.strings; name = en; path = en.lproj/InfoPlist.strings; sourceTree = "<group>"; };
		070ECD2C1577E375003329E9 /* main.m */ = {isa = PBXFileReference; lastKnownFileType = sourcecode.c.objc; path = main.m; sourceTree = "<group>"; };
		070ECD2E1577E375003329E9 /* UIKitConvenience-Prefix.pch */ = {isa = PBXFileReference; lastKnownFileType = sourcecode.c.h; path = "UIKitConvenience-Prefix.pch"; sourceTree = "<group>"; };
		070ECD2F1577E375003329E9 /* EGAppDelegate.h */ = {isa = PBXFileReference; lastKnownFileType = sourcecode.c.h; path = EGAppDelegate.h; sourceTree = "<group>"; };
		070ECD301577E375003329E9 /* EGAppDelegate.m */ = {isa = PBXFileReference; lastKnownFileType = sourcecode.c.objc; path = EGAppDelegate.m; sourceTree = "<group>"; };
		070ECD371577E403003329E9 /* UIControl+Convenience.h */ = {isa = PBXFileReference; fileEncoding = 4; lastKnownFileType = sourcecode.c.h; path = "UIControl+Convenience.h"; sourceTree = "<group>"; };
		070ECD381577E403003329E9 /* UIControl+Convenience.m */ = {isa = PBXFileReference; fileEncoding = 4; lastKnownFileType = sourcecode.c.objc; path = "UIControl+Convenience.m"; sourceTree = "<group>"; };
		070ECD3E1577E41D003329E9 /* UIView+ViewRecursion.h */ = {isa = PBXFileReference; fileEncoding = 4; lastKnownFileType = sourcecode.c.h; path = "UIView+ViewRecursion.h"; sourceTree = "<group>"; };
		070ECD3F1577E41D003329E9 /* UIView+ViewRecursion.m */ = {isa = PBXFileReference; fileEncoding = 4; lastKnownFileType = sourcecode.c.objc; path = "UIView+ViewRecursion.m"; sourceTree = "<group>"; };
		070ECD411577E6F4003329E9 /* UIViewController+ForcedRotation.h */ = {isa = PBXFileReference; fileEncoding = 4; lastKnownFileType = sourcecode.c.h; path = "UIViewController+ForcedRotation.h"; sourceTree = "<group>"; };
		070ECD421577E6F4003329E9 /* UIViewController+ForcedRotation.m */ = {isa = PBXFileReference; fileEncoding = 4; lastKnownFileType = sourcecode.c.objc; path = "UIViewController+ForcedRotation.m"; sourceTree = "<group>"; };
		0738C4571582A51400BE1A0B /* UIBarButtonItem+ImageItem.h */ = {isa = PBXFileReference; fileEncoding = 4; lastKnownFileType = sourcecode.c.h; path = "UIBarButtonItem+ImageItem.h"; sourceTree = "<group>"; };
		0738C4581582A51400BE1A0B /* UIBarButtonItem+ImageItem.m */ = {isa = PBXFileReference; fileEncoding = 4; lastKnownFileType = sourcecode.c.objc; path = "UIBarButtonItem+ImageItem.m"; sourceTree = "<group>"; };
		0738C47A1582AE4A00BE1A0B /* UIView+LayoutManipulation.h */ = {isa = PBXFileReference; fileEncoding = 4; lastKnownFileType = sourcecode.c.h; path = "UIView+LayoutManipulation.h"; sourceTree = "<group>"; };
		0738C47B1582AE4A00BE1A0B /* UIView+LayoutManipulation.m */ = {isa = PBXFileReference; fileEncoding = 4; lastKnownFileType = sourcecode.c.objc; path = "UIView+LayoutManipulation.m"; sourceTree = "<group>"; };
		07A7665B15803D9000BD3E6A /* UIPageViewController+EnableToggle.h */ = {isa = PBXFileReference; fileEncoding = 4; lastKnownFileType = sourcecode.c.h; path = "UIPageViewController+EnableToggle.h"; sourceTree = "<group>"; };
		07A7665C15803D9000BD3E6A /* UIPageViewController+EnableToggle.m */ = {isa = PBXFileReference; fileEncoding = 4; lastKnownFileType = sourcecode.c.objc; path = "UIPageViewController+EnableToggle.m"; sourceTree = "<group>"; };
/* End PBXFileReference section */

/* Begin PBXFrameworksBuildPhase section */
		070ECD191577E375003329E9 /* Frameworks */ = {
			isa = PBXFrameworksBuildPhase;
			buildActionMask = 2147483647;
			files = (
				070ECD211577E375003329E9 /* UIKit.framework in Frameworks */,
				070ECD231577E375003329E9 /* Foundation.framework in Frameworks */,
				070ECD251577E375003329E9 /* CoreGraphics.framework in Frameworks */,
			);
			runOnlyForDeploymentPostprocessing = 0;
		};
/* End PBXFrameworksBuildPhase section */

/* Begin PBXGroup section */
		070ECD111577E375003329E9 = {
			isa = PBXGroup;
			children = (
				070ECD261577E375003329E9 /* UIKitConvenience */,
				070ECD1F1577E375003329E9 /* Frameworks */,
				070ECD1D1577E375003329E9 /* Products */,
			);
			sourceTree = "<group>";
		};
		070ECD1D1577E375003329E9 /* Products */ = {
			isa = PBXGroup;
			children = (
				070ECD1C1577E375003329E9 /* UIKitConvenience.app */,
			);
			name = Products;
			sourceTree = "<group>";
		};
		070ECD1F1577E375003329E9 /* Frameworks */ = {
			isa = PBXGroup;
			children = (
				070ECD201577E375003329E9 /* UIKit.framework */,
				070ECD221577E375003329E9 /* Foundation.framework */,
				070ECD241577E375003329E9 /* CoreGraphics.framework */,
			);
			name = Frameworks;
			sourceTree = "<group>";
		};
		070ECD261577E375003329E9 /* UIKitConvenience */ = {
			isa = PBXGroup;
			children = (
				070ECD3E1577E41D003329E9 /* UIView+ViewRecursion.h */,
				070ECD3F1577E41D003329E9 /* UIView+ViewRecursion.m */,
				0738C47A1582AE4A00BE1A0B /* UIView+LayoutManipulation.h */,
				0738C47B1582AE4A00BE1A0B /* UIView+LayoutManipulation.m */,
				070ECD371577E403003329E9 /* UIControl+Convenience.h */,
				070ECD381577E403003329E9 /* UIControl+Convenience.m */,
				070ECD2F1577E375003329E9 /* EGAppDelegate.h */,
				070ECD301577E375003329E9 /* EGAppDelegate.m */,
				070ECD271577E375003329E9 /* Supporting Files */,
				070ECD411577E6F4003329E9 /* UIViewController+ForcedRotation.h */,
				070ECD421577E6F4003329E9 /* UIViewController+ForcedRotation.m */,
				07A7665B15803D9000BD3E6A /* UIPageViewController+EnableToggle.h */,
				07A7665C15803D9000BD3E6A /* UIPageViewController+EnableToggle.m */,
				0738C4571582A51400BE1A0B /* UIBarButtonItem+ImageItem.h */,
				0738C4581582A51400BE1A0B /* UIBarButtonItem+ImageItem.m */,
				07060568159A611A00973448 /* UINavigationController+AutomaticallyDismissKeyboard.h */,
				07060569159A611A00973448 /* UINavigationController+AutomaticallyDismissKeyboard.m */,
			);
			path = UIKitConvenience;
			sourceTree = "<group>";
		};
		070ECD271577E375003329E9 /* Supporting Files */ = {
			isa = PBXGroup;
			children = (
				070ECD281577E375003329E9 /* UIKitConvenience-Info.plist */,
				070ECD291577E375003329E9 /* InfoPlist.strings */,
				070ECD2C1577E375003329E9 /* main.m */,
				070ECD2E1577E375003329E9 /* UIKitConvenience-Prefix.pch */,
			);
			name = "Supporting Files";
			sourceTree = "<group>";
		};
/* End PBXGroup section */

/* Begin PBXNativeTarget section */
		070ECD1B1577E375003329E9 /* UIKitConvenience */ = {
			isa = PBXNativeTarget;
			buildConfigurationList = 070ECD341577E375003329E9 /* Build configuration list for PBXNativeTarget "UIKitConvenience" */;
			buildPhases = (
				070ECD181577E375003329E9 /* Sources */,
				070ECD191577E375003329E9 /* Frameworks */,
				070ECD1A1577E375003329E9 /* Resources */,
			);
			buildRules = (
			);
			dependencies = (
			);
			name = UIKitConvenience;
			productName = UIKitConvenience;
			productReference = 070ECD1C1577E375003329E9 /* UIKitConvenience.app */;
			productType = "com.apple.product-type.application";
		};
/* End PBXNativeTarget section */

/* Begin PBXProject section */
		070ECD131577E375003329E9 /* Project object */ = {
			isa = PBXProject;
			attributes = {
				CLASSPREFIX = EG;
				LastUpgradeCheck = 0430;
				ORGANIZATIONNAME = "Eric Goldberg";
			};
			buildConfigurationList = 070ECD161577E375003329E9 /* Build configuration list for PBXProject "UIKitConvenience" */;
			compatibilityVersion = "Xcode 3.2";
			developmentRegion = English;
			hasScannedForEncodings = 0;
			knownRegions = (
				en,
			);
			mainGroup = 070ECD111577E375003329E9;
			productRefGroup = 070ECD1D1577E375003329E9 /* Products */;
			projectDirPath = "";
			projectRoot = "";
			targets = (
				070ECD1B1577E375003329E9 /* UIKitConvenience */,
			);
		};
/* End PBXProject section */

/* Begin PBXResourcesBuildPhase section */
		070ECD1A1577E375003329E9 /* Resources */ = {
			isa = PBXResourcesBuildPhase;
			buildActionMask = 2147483647;
			files = (
				070ECD2B1577E375003329E9 /* InfoPlist.strings in Resources */,
			);
			runOnlyForDeploymentPostprocessing = 0;
		};
/* End PBXResourcesBuildPhase section */

/* Begin PBXSourcesBuildPhase section */
		070ECD181577E375003329E9 /* Sources */ = {
			isa = PBXSourcesBuildPhase;
			buildActionMask = 2147483647;
			files = (
				070ECD2D1577E375003329E9 /* main.m in Sources */,
				070ECD311577E375003329E9 /* EGAppDelegate.m in Sources */,
				070ECD391577E403003329E9 /* UIControl+Convenience.m in Sources */,
				070ECD401577E41D003329E9 /* UIView+ViewRecursion.m in Sources */,
				070ECD431577E6F4003329E9 /* UIViewController+ForcedRotation.m in Sources */,
				07A7665D15803D9000BD3E6A /* UIPageViewController+EnableToggle.m in Sources */,
				0738C4591582A51400BE1A0B /* UIBarButtonItem+ImageItem.m in Sources */,
				0738C47C1582AE4A00BE1A0B /* UIView+LayoutManipulation.m in Sources */,
				0706056A159A611A00973448 /* UINavigationController+AutomaticallyDismissKeyboard.m in Sources */,
			);
			runOnlyForDeploymentPostprocessing = 0;
		};
/* End PBXSourcesBuildPhase section */

/* Begin PBXVariantGroup section */
		070ECD291577E375003329E9 /* InfoPlist.strings */ = {
			isa = PBXVariantGroup;
			children = (
				070ECD2A1577E375003329E9 /* en */,
			);
			name = InfoPlist.strings;
			sourceTree = "<group>";
		};
/* End PBXVariantGroup section */

/* Begin XCBuildConfiguration section */
		070ECD321577E375003329E9 /* Debug */ = {
			isa = XCBuildConfiguration;
			buildSettings = {
				ALWAYS_SEARCH_USER_PATHS = NO;
				ARCHS = "$(ARCHS_STANDARD_32_BIT)";
				CLANG_ENABLE_OBJC_ARC = YES;
				"CODE_SIGN_IDENTITY[sdk=iphoneos*]" = "iPhone Developer";
				COPY_PHASE_STRIP = NO;
				GCC_C_LANGUAGE_STANDARD = gnu99;
				GCC_DYNAMIC_NO_PIC = NO;
				GCC_OPTIMIZATION_LEVEL = 0;
				GCC_PREPROCESSOR_DEFINITIONS = (
					"DEBUG=1",
					"$(inherited)",
				);
				GCC_SYMBOLS_PRIVATE_EXTERN = NO;
				GCC_VERSION = com.apple.compilers.llvm.clang.1_0;
				GCC_WARN_ABOUT_RETURN_TYPE = YES;
				GCC_WARN_UNINITIALIZED_AUTOS = YES;
				GCC_WARN_UNUSED_VARIABLE = YES;
				IPHONEOS_DEPLOYMENT_TARGET = 5.1;
				SDKROOT = iphoneos;
			};
			name = Debug;
		};
		070ECD331577E375003329E9 /* Release */ = {
			isa = XCBuildConfiguration;
			buildSettings = {
				ALWAYS_SEARCH_USER_PATHS = NO;
				ARCHS = "$(ARCHS_STANDARD_32_BIT)";
				CLANG_ENABLE_OBJC_ARC = YES;
				"CODE_SIGN_IDENTITY[sdk=iphoneos*]" = "iPhone Developer";
				COPY_PHASE_STRIP = YES;
				GCC_C_LANGUAGE_STANDARD = gnu99;
				GCC_VERSION = com.apple.compilers.llvm.clang.1_0;
				GCC_WARN_ABOUT_RETURN_TYPE = YES;
				GCC_WARN_UNINITIALIZED_AUTOS = YES;
				GCC_WARN_UNUSED_VARIABLE = YES;
				IPHONEOS_DEPLOYMENT_TARGET = 5.1;
				OTHER_CFLAGS = "-DNS_BLOCK_ASSERTIONS=1";
				SDKROOT = iphoneos;
				VALIDATE_PRODUCT = YES;
			};
			name = Release;
		};
		070ECD351577E375003329E9 /* Debug */ = {
			isa = XCBuildConfiguration;
			buildSettings = {
				GCC_PRECOMPILE_PREFIX_HEADER = YES;
				GCC_PREFIX_HEADER = "UIKitConvenience/UIKitConvenience-Prefix.pch";
				INFOPLIST_FILE = "UIKitConvenience/UIKitConvenience-Info.plist";
				PRODUCT_NAME = "$(TARGET_NAME)";
				WRAPPER_EXTENSION = app;
			};
			name = Debug;
		};
		070ECD361577E375003329E9 /* Release */ = {
			isa = XCBuildConfiguration;
			buildSettings = {
				GCC_PRECOMPILE_PREFIX_HEADER = YES;
				GCC_PREFIX_HEADER = "UIKitConvenience/UIKitConvenience-Prefix.pch";
				INFOPLIST_FILE = "UIKitConvenience/UIKitConvenience-Info.plist";
				PRODUCT_NAME = "$(TARGET_NAME)";
				WRAPPER_EXTENSION = app;
			};
			name = Release;
		};
/* End XCBuildConfiguration section */

/* Begin XCConfigurationList section */
		070ECD161577E375003329E9 /* Build configuration list for PBXProject "UIKitConvenience" */ = {
			isa = XCConfigurationList;
			buildConfigurations = (
				070ECD321577E375003329E9 /* Debug */,
				070ECD331577E375003329E9 /* Release */,
			);
			defaultConfigurationIsVisible = 0;
			defaultConfigurationName = Release;
		};
		070ECD341577E375003329E9 /* Build configuration list for PBXNativeTarget "UIKitConvenience" */ = {
			isa = XCConfigurationList;
			buildConfigurations = (
				070ECD351577E375003329E9 /* Debug */,
				070ECD361577E375003329E9 /* Release */,
			);
			defaultConfigurationIsVisible = 0;
			defaultConfigurationName = Release;
		};
/* End XCConfigurationList section */
	};
	rootObject = 070ECD131577E375003329E9 /* Project object */;
}
